
Microsoft Visual Studio Solution File, Format Version 12.00
# Visual Studio Version 17
VisualStudioVersion = 17.5.33414.496
MinimumVisualStudioVersion = 10.0.40219.1
Project("{9A19103F-16F7-4668-BE54-9A1E7A4F7556}") = "Z2", "Z2\Z2.csproj", "{C9CE5C64-B85B-4A64-9CC2-5713279D728C}"
EndProject
Project("{FAE04EC0-301F-11D3-BF4B-00C04F79EFBC}") = "UI", "UI\UI.csproj", "{562CDD80-42B4-423F-B096-AE4354CCEF42}"
EndProject
Global
	GlobalSection(SolutionConfigurationPlatforms) = preSolution
		Debug|Any CPU = Debug|Any CPU
		Release|Any CPU = Release|Any CPU
	EndGlobalSection
	GlobalSection(ProjectConfigurationPlatforms) = postSolution
		{C9CE5C64-B85B-4A64-9CC2-5713279D728C}.Debug|Any CPU.ActiveCfg = Debug|Any CPU
		{C9CE5C64-B85B-4A64-9CC2-5713279D728C}.Debug|Any CPU.Build.0 = Debug|Any CPU
		{C9CE5C64-B85B-4A64-9CC2-5713279D728C}.Release|Any CPU.ActiveCfg = Release|Any CPU
		{C9CE5C64-B85B-4A64-9CC2-5713279D728C}.Release|Any CPU.Build.0 = Release|Any CPU
		{562CDD80-42B4-423F-B096-AE4354CCEF42}.Debug|Any CPU.ActiveCfg = Debug|Any CPU
		{562CDD80-42B4-423F-B096-AE4354CCEF42}.Debug|Any CPU.Build.0 = Debug|Any CPU
		{562CDD80-42B4-423F-B096-AE4354CCEF42}.Release|Any CPU.ActiveCfg = Release|Any CPU
		{562CDD80-42B4-423F-B096-AE4354CCEF42}.Release|Any CPU.Build.0 = Release|Any CPU
	EndGlobalSection
	GlobalSection(SolutionProperties) = preSolution
		HideSolutionNode = FALSE
	EndGlobalSection
	GlobalSection(ExtensibilityGlobals) = postSolution
		SolutionGuid = {BEB95182-7D74-4160-8DB1-F31DF0E6A298}
	EndGlobalSection
EndGlobal
